// !$*UTF8*$!
{
	archiveVersion = 1;
	classes = {
	};
	objectVersion = 56;
	objects = {

/* Begin PBXBuildFile section */
		5BF89D512BC7FFE80046BE49 /* AzerbaijaniTurkishWithArabicAlphabetKeyboardApp.swift in Sources */ = {isa = PBXBuildFile; fileRef = 5BF89D502BC7FFE80046BE49 /* AzerbaijaniTurkishWithArabicAlphabetKeyboardApp.swift */; };
		5BF89D532BC7FFE80046BE49 /* ContentView.swift in Sources */ = {isa = PBXBuildFile; fileRef = 5BF89D522BC7FFE80046BE49 /* ContentView.swift */; };
		5BF89D552BC7FFEA0046BE49 /* Assets.xcassets in Resources */ = {isa = PBXBuildFile; fileRef = 5BF89D542BC7FFEA0046BE49 /* Assets.xcassets */; };
		5BF89D582BC7FFEA0046BE49 /* Preview Assets.xcassets in Resources */ = {isa = PBXBuildFile; fileRef = 5BF89D572BC7FFEA0046BE49 /* Preview Assets.xcassets */; };
		5BF89D622BC7FFEA0046BE49 /* AzerbaijaniTurkishWithArabicAlphabetKeyboardTests.swift in Sources */ = {isa = PBXBuildFile; fileRef = 5BF89D612BC7FFEA0046BE49 /* AzerbaijaniTurkishWithArabicAlphabetKeyboardTests.swift */; };
		5BF89D6C2BC7FFEA0046BE49 /* AzerbaijaniTurkishWithArabicAlphabetKeyboardUITests.swift in Sources */ = {isa = PBXBuildFile; fileRef = 5BF89D6B2BC7FFEA0046BE49 /* AzerbaijaniTurkishWithArabicAlphabetKeyboardUITests.swift */; };
		5BF89D6E2BC7FFEA0046BE49 /* AzerbaijaniTurkishWithArabicAlphabetKeyboardUITestsLaunchTests.swift in Sources */ = {isa = PBXBuildFile; fileRef = 5BF89D6D2BC7FFEA0046BE49 /* AzerbaijaniTurkishWithArabicAlphabetKeyboardUITestsLaunchTests.swift */; };
		5BF89D812BC800900046BE49 /* KeyboardViewController.swift in Sources */ = {isa = PBXBuildFile; fileRef = 5BF89D802BC800900046BE49 /* KeyboardViewController.swift */; };
		5BF89D852BC800900046BE49 /* Azerbaijani Turkish with arabic alphabet.appex in Embed Foundation Extensions */ = {isa = PBXBuildFile; fileRef = 5BF89D7E2BC800900046BE49 /* Azerbaijani Turkish with arabic alphabet.appex */; settings = {ATTRIBUTES = (RemoveHeadersOnCopy, ); }; };
/* End PBXBuildFile section */

/* Begin PBXContainerItemProxy section */
		5BF89D5E2BC7FFEA0046BE49 /* PBXContainerItemProxy */ = {
			isa = PBXContainerItemProxy;
			containerPortal = 5BF89D452BC7FFE80046BE49 /* Project object */;
			proxyType = 1;
			remoteGlobalIDString = 5BF89D4C2BC7FFE80046BE49;
			remoteInfo = AzerbaijaniTurkishWithArabicAlphabetKeyboard;
		};
		5BF89D682BC7FFEA0046BE49 /* PBXContainerItemProxy */ = {
			isa = PBXContainerItemProxy;
			containerPortal = 5BF89D452BC7FFE80046BE49 /* Project object */;
			proxyType = 1;
			remoteGlobalIDString = 5BF89D4C2BC7FFE80046BE49;
			remoteInfo = AzerbaijaniTurkishWithArabicAlphabetKeyboard;
		};
		5BF89D832BC800900046BE49 /* PBXContainerItemProxy */ = {
			isa = PBXContainerItemProxy;
			containerPortal = 5BF89D452BC7FFE80046BE49 /* Project object */;
			proxyType = 1;
			remoteGlobalIDString = 5BF89D7D2BC800900046BE49;
			remoteInfo = "Azerbaijani Turkish with arabic alphabet";
		};
/* End PBXContainerItemProxy section */

/* Begin PBXCopyFilesBuildPhase section */
		5BF89D892BC800900046BE49 /* Embed Foundation Extensions */ = {
			isa = PBXCopyFilesBuildPhase;
			buildActionMask = 2147483647;
			dstPath = "";
			dstSubfolderSpec = 13;
			files = (
				5BF89D852BC800900046BE49 /* Azerbaijani Turkish with arabic alphabet.appex in Embed Foundation Extensions */,
			);
			name = "Embed Foundation Extensions";
			runOnlyForDeploymentPostprocessing = 0;
		};
/* End PBXCopyFilesBuildPhase section */

/* Begin PBXFileReference section */
		5BF89D4D2BC7FFE80046BE49 /* AzerbaijaniTurkishWithArabicAlphabetKeyboard.app */ = {isa = PBXFileReference; explicitFileType = wrapper.application; includeInIndex = 0; path = AzerbaijaniTurkishWithArabicAlphabetKeyboard.app; sourceTree = BUILT_PRODUCTS_DIR; };
		5BF89D502BC7FFE80046BE49 /* AzerbaijaniTurkishWithArabicAlphabetKeyboardApp.swift */ = {isa = PBXFileReference; lastKnownFileType = sourcecode.swift; path = AzerbaijaniTurkishWithArabicAlphabetKeyboardApp.swift; sourceTree = "<group>"; };
		5BF89D522BC7FFE80046BE49 /* ContentView.swift */ = {isa = PBXFileReference; lastKnownFileType = sourcecode.swift; path = ContentView.swift; sourceTree = "<group>"; };
		5BF89D542BC7FFEA0046BE49 /* Assets.xcassets */ = {isa = PBXFileReference; lastKnownFileType = folder.assetcatalog; path = Assets.xcassets; sourceTree = "<group>"; };
		5BF89D572BC7FFEA0046BE49 /* Preview Assets.xcassets */ = {isa = PBXFileReference; lastKnownFileType = folder.assetcatalog; path = "Preview Assets.xcassets"; sourceTree = "<group>"; };
		5BF89D5D2BC7FFEA0046BE49 /* AzerbaijaniTurkishWithArabicAlphabetKeyboardTests.xctest */ = {isa = PBXFileReference; explicitFileType = wrapper.cfbundle; includeInIndex = 0; path = AzerbaijaniTurkishWithArabicAlphabetKeyboardTests.xctest; sourceTree = BUILT_PRODUCTS_DIR; };
		5BF89D612BC7FFEA0046BE49 /* AzerbaijaniTurkishWithArabicAlphabetKeyboardTests.swift */ = {isa = PBXFileReference; lastKnownFileType = sourcecode.swift; path = AzerbaijaniTurkishWithArabicAlphabetKeyboardTests.swift; sourceTree = "<group>"; };
		5BF89D672BC7FFEA0046BE49 /* AzerbaijaniTurkishWithArabicAlphabetKeyboardUITests.xctest */ = {isa = PBXFileReference; explicitFileType = wrapper.cfbundle; includeInIndex = 0; path = AzerbaijaniTurkishWithArabicAlphabetKeyboardUITests.xctest; sourceTree = BUILT_PRODUCTS_DIR; };
		5BF89D6B2BC7FFEA0046BE49 /* AzerbaijaniTurkishWithArabicAlphabetKeyboardUITests.swift */ = {isa = PBXFileReference; lastKnownFileType = sourcecode.swift; path = AzerbaijaniTurkishWithArabicAlphabetKeyboardUITests.swift; sourceTree = "<group>"; };
		5BF89D6D2BC7FFEA0046BE49 /* AzerbaijaniTurkishWithArabicAlphabetKeyboardUITestsLaunchTests.swift */ = {isa = PBXFileReference; lastKnownFileType = sourcecode.swift; path = AzerbaijaniTurkishWithArabicAlphabetKeyboardUITestsLaunchTests.swift; sourceTree = "<group>"; };
		5BF89D7E2BC800900046BE49 /* Azerbaijani Turkish with arabic alphabet.appex */ = {isa = PBXFileReference; explicitFileType = "wrapper.app-extension"; includeInIndex = 0; path = "Azerbaijani Turkish with arabic alphabet.appex"; sourceTree = BUILT_PRODUCTS_DIR; };
		5BF89D802BC800900046BE49 /* KeyboardViewController.swift */ = {isa = PBXFileReference; lastKnownFileType = sourcecode.swift; path = KeyboardViewController.swift; sourceTree = "<group>"; };
		5BF89D822BC800900046BE49 /* Info.plist */ = {isa = PBXFileReference; lastKnownFileType = text.plist.xml; path = Info.plist; sourceTree = "<group>"; };
/* End PBXFileReference section */

/* Begin PBXFrameworksBuildPhase section */
		5BF89D4A2BC7FFE80046BE49 /* Frameworks */ = {
			isa = PBXFrameworksBuildPhase;
			buildActionMask = 2147483647;
			files = (
			);
			runOnlyForDeploymentPostprocessing = 0;
		};
		5BF89D5A2BC7FFEA0046BE49 /* Frameworks */ = {
			isa = PBXFrameworksBuildPhase;
			buildActionMask = 2147483647;
			files = (
			);
			runOnlyForDeploymentPostprocessing = 0;
		};
		5BF89D642BC7FFEA0046BE49 /* Frameworks */ = {
			isa = PBXFrameworksBuildPhase;
			buildActionMask = 2147483647;
			files = (
			);
			runOnlyForDeploymentPostprocessing = 0;
		};
		5BF89D7B2BC800900046BE49 /* Frameworks */ = {
			isa = PBXFrameworksBuildPhase;
			buildActionMask = 2147483647;
			files = (
			);
			runOnlyForDeploymentPostprocessing = 0;
		};
/* End PBXFrameworksBuildPhase section */

/* Begin PBXGroup section */
		5BF89D442BC7FFE80046BE49 = {
			isa = PBXGroup;
			children = (
				5BF89D4F2BC7FFE80046BE49 /* AzerbaijaniTurkishWithArabicAlphabetKeyboard */,
				5BF89D602BC7FFEA0046BE49 /* AzerbaijaniTurkishWithArabicAlphabetKeyboardTests */,
				5BF89D6A2BC7FFEA0046BE49 /* AzerbaijaniTurkishWithArabicAlphabetKeyboardUITests */,
				5BF89D7F2BC800900046BE49 /* Azerbaijani Turkish with arabic alphabet */,
				5BF89D4E2BC7FFE80046BE49 /* Products */,
			);
			sourceTree = "<group>";
		};
		5BF89D4E2BC7FFE80046BE49 /* Products */ = {
			isa = PBXGroup;
			children = (
				5BF89D4D2BC7FFE80046BE49 /* AzerbaijaniTurkishWithArabicAlphabetKeyboard.app */,
				5BF89D5D2BC7FFEA0046BE49 /* AzerbaijaniTurkishWithArabicAlphabetKeyboardTests.xctest */,
				5BF89D672BC7FFEA0046BE49 /* AzerbaijaniTurkishWithArabicAlphabetKeyboardUITests.xctest */,
				5BF89D7E2BC800900046BE49 /* Azerbaijani Turkish with arabic alphabet.appex */,
			);
			name = Products;
			sourceTree = "<group>";
		};
		5BF89D4F2BC7FFE80046BE49 /* AzerbaijaniTurkishWithArabicAlphabetKeyboard */ = {
			isa = PBXGroup;
			children = (
				5BF89D502BC7FFE80046BE49 /* AzerbaijaniTurkishWithArabicAlphabetKeyboardApp.swift */,
				5BF89D522BC7FFE80046BE49 /* ContentView.swift */,
				5BF89D542BC7FFEA0046BE49 /* Assets.xcassets */,
				5BF89D562BC7FFEA0046BE49 /* Preview Content */,
			);
			path = AzerbaijaniTurkishWithArabicAlphabetKeyboard;
			sourceTree = "<group>";
		};
		5BF89D562BC7FFEA0046BE49 /* Preview Content */ = {
			isa = PBXGroup;
			children = (
				5BF89D572BC7FFEA0046BE49 /* Preview Assets.xcassets */,
			);
			path = "Preview Content";
			sourceTree = "<group>";
		};
		5BF89D602BC7FFEA0046BE49 /* AzerbaijaniTurkishWithArabicAlphabetKeyboardTests */ = {
			isa = PBXGroup;
			children = (
				5BF89D612BC7FFEA0046BE49 /* AzerbaijaniTurkishWithArabicAlphabetKeyboardTests.swift */,
			);
			path = AzerbaijaniTurkishWithArabicAlphabetKeyboardTests;
			sourceTree = "<group>";
		};
		5BF89D6A2BC7FFEA0046BE49 /* AzerbaijaniTurkishWithArabicAlphabetKeyboardUITests */ = {
			isa = PBXGroup;
			children = (
				5BF89D6B2BC7FFEA0046BE49 /* AzerbaijaniTurkishWithArabicAlphabetKeyboardUITests.swift */,
				5BF89D6D2BC7FFEA0046BE49 /* AzerbaijaniTurkishWithArabicAlphabetKeyboardUITestsLaunchTests.swift */,
			);
			path = AzerbaijaniTurkishWithArabicAlphabetKeyboardUITests;
			sourceTree = "<group>";
		};
		5BF89D7F2BC800900046BE49 /* Azerbaijani Turkish with arabic alphabet */ = {
			isa = PBXGroup;
			children = (
				5BF89D802BC800900046BE49 /* KeyboardViewController.swift */,
				5BF89D822BC800900046BE49 /* Info.plist */,
			);
			path = "Azerbaijani Turkish with arabic alphabet";
			sourceTree = "<group>";
		};
/* End PBXGroup section */

/* Begin PBXNativeTarget section */
		5BF89D4C2BC7FFE80046BE49 /* AzerbaijaniTurkishWithArabicAlphabetKeyboard */ = {
			isa = PBXNativeTarget;
			buildConfigurationList = 5BF89D712BC7FFEA0046BE49 /* Build configuration list for PBXNativeTarget "AzerbaijaniTurkishWithArabicAlphabetKeyboard" */;
			buildPhases = (
				5BF89D492BC7FFE80046BE49 /* Sources */,
				5BF89D4A2BC7FFE80046BE49 /* Frameworks */,
				5BF89D4B2BC7FFE80046BE49 /* Resources */,
				5BF89D892BC800900046BE49 /* Embed Foundation Extensions */,
			);
			buildRules = (
			);
			dependencies = (
				5BF89D842BC800900046BE49 /* PBXTargetDependency */,
			);
			name = AzerbaijaniTurkishWithArabicAlphabetKeyboard;
			productName = AzerbaijaniTurkishWithArabicAlphabetKeyboard;
			productReference = 5BF89D4D2BC7FFE80046BE49 /* AzerbaijaniTurkishWithArabicAlphabetKeyboard.app */;
			productType = "com.apple.product-type.application";
		};
		5BF89D5C2BC7FFEA0046BE49 /* AzerbaijaniTurkishWithArabicAlphabetKeyboardTests */ = {
			isa = PBXNativeTarget;
			buildConfigurationList = 5BF89D742BC7FFEA0046BE49 /* Build configuration list for PBXNativeTarget "AzerbaijaniTurkishWithArabicAlphabetKeyboardTests" */;
			buildPhases = (
				5BF89D592BC7FFEA0046BE49 /* Sources */,
				5BF89D5A2BC7FFEA0046BE49 /* Frameworks */,
				5BF89D5B2BC7FFEA0046BE49 /* Resources */,
			);
			buildRules = (
			);
			dependencies = (
				5BF89D5F2BC7FFEA0046BE49 /* PBXTargetDependency */,
			);
			name = AzerbaijaniTurkishWithArabicAlphabetKeyboardTests;
			productName = AzerbaijaniTurkishWithArabicAlphabetKeyboardTests;
			productReference = 5BF89D5D2BC7FFEA0046BE49 /* AzerbaijaniTurkishWithArabicAlphabetKeyboardTests.xctest */;
			productType = "com.apple.product-type.bundle.unit-test";
		};
		5BF89D662BC7FFEA0046BE49 /* AzerbaijaniTurkishWithArabicAlphabetKeyboardUITests */ = {
			isa = PBXNativeTarget;
			buildConfigurationList = 5BF89D772BC7FFEA0046BE49 /* Build configuration list for PBXNativeTarget "AzerbaijaniTurkishWithArabicAlphabetKeyboardUITests" */;
			buildPhases = (
				5BF89D632BC7FFEA0046BE49 /* Sources */,
				5BF89D642BC7FFEA0046BE49 /* Frameworks */,
				5BF89D652BC7FFEA0046BE49 /* Resources */,
			);
			buildRules = (
			);
			dependencies = (
				5BF89D692BC7FFEA0046BE49 /* PBXTargetDependency */,
			);
			name = AzerbaijaniTurkishWithArabicAlphabetKeyboardUITests;
			productName = AzerbaijaniTurkishWithArabicAlphabetKeyboardUITests;
			productReference = 5BF89D672BC7FFEA0046BE49 /* AzerbaijaniTurkishWithArabicAlphabetKeyboardUITests.xctest */;
			productType = "com.apple.product-type.bundle.ui-testing";
		};
		5BF89D7D2BC800900046BE49 /* Azerbaijani Turkish with arabic alphabet */ = {
			isa = PBXNativeTarget;
			buildConfigurationList = 5BF89D862BC800900046BE49 /* Build configuration list for PBXNativeTarget "Azerbaijani Turkish with arabic alphabet" */;
			buildPhases = (
				5BF89D7A2BC800900046BE49 /* Sources */,
				5BF89D7B2BC800900046BE49 /* Frameworks */,
				5BF89D7C2BC800900046BE49 /* Resources */,
			);
			buildRules = (
			);
			dependencies = (
			);
			name = "Azerbaijani Turkish with arabic alphabet";
			productName = "Azerbaijani Turkish with arabic alphabet";
			productReference = 5BF89D7E2BC800900046BE49 /* Azerbaijani Turkish with arabic alphabet.appex */;
			productType = "com.apple.product-type.app-extension";
		};
/* End PBXNativeTarget section */

/* Begin PBXProject section */
		5BF89D452BC7FFE80046BE49 /* Project object */ = {
			isa = PBXProject;
			attributes = {
				BuildIndependentTargetsInParallel = 1;
				LastSwiftUpdateCheck = 1530;
				LastUpgradeCheck = 1530;
				TargetAttributes = {
					5BF89D4C2BC7FFE80046BE49 = {
						CreatedOnToolsVersion = 15.3;
					};
					5BF89D5C2BC7FFEA0046BE49 = {
						CreatedOnToolsVersion = 15.3;
						TestTargetID = 5BF89D4C2BC7FFE80046BE49;
					};
					5BF89D662BC7FFEA0046BE49 = {
						CreatedOnToolsVersion = 15.3;
						TestTargetID = 5BF89D4C2BC7FFE80046BE49;
					};
					5BF89D7D2BC800900046BE49 = {
						CreatedOnToolsVersion = 15.3;
					};
				};
			};
			buildConfigurationList = 5BF89D482BC7FFE80046BE49 /* Build configuration list for PBXProject "AzerbaijaniTurkishWithArabicAlphabetKeyboard" */;
			compatibilityVersion = "Xcode 14.0";
			developmentRegion = en;
			hasScannedForEncodings = 0;
			knownRegions = (
				en,
				Base,
			);
			mainGroup = 5BF89D442BC7FFE80046BE49;
			productRefGroup = 5BF89D4E2BC7FFE80046BE49 /* Products */;
			projectDirPath = "";
			projectRoot = "";
			targets = (
				5BF89D4C2BC7FFE80046BE49 /* AzerbaijaniTurkishWithArabicAlphabetKeyboard */,
				5BF89D5C2BC7FFEA0046BE49 /* AzerbaijaniTurkishWithArabicAlphabetKeyboardTests */,
				5BF89D662BC7FFEA0046BE49 /* AzerbaijaniTurkishWithArabicAlphabetKeyboardUITests */,
				5BF89D7D2BC800900046BE49 /* Azerbaijani Turkish with arabic alphabet */,
			);
		};
/* End PBXProject section */

/* Begin PBXResourcesBuildPhase section */
		5BF89D4B2BC7FFE80046BE49 /* Resources */ = {
			isa = PBXResourcesBuildPhase;
			buildActionMask = 2147483647;
			files = (
				5BF89D582BC7FFEA0046BE49 /* Preview Assets.xcassets in Resources */,
				5BF89D552BC7FFEA0046BE49 /* Assets.xcassets in Resources */,
			);
			runOnlyForDeploymentPostprocessing = 0;
		};
		5BF89D5B2BC7FFEA0046BE49 /* Resources */ = {
			isa = PBXResourcesBuildPhase;
			buildActionMask = 2147483647;
			files = (
			);
			runOnlyForDeploymentPostprocessing = 0;
		};
		5BF89D652BC7FFEA0046BE49 /* Resources */ = {
			isa = PBXResourcesBuildPhase;
			buildActionMask = 2147483647;
			files = (
			);
			runOnlyForDeploymentPostprocessing = 0;
		};
		5BF89D7C2BC800900046BE49 /* Resources */ = {
			isa = PBXResourcesBuildPhase;
			buildActionMask = 2147483647;
			files = (
			);
			runOnlyForDeploymentPostprocessing = 0;
		};
/* End PBXResourcesBuildPhase section */

/* Begin PBXSourcesBuildPhase section */
		5BF89D492BC7FFE80046BE49 /* Sources */ = {
			isa = PBXSourcesBuildPhase;
			buildActionMask = 2147483647;
			files = (
				5BF89D532BC7FFE80046BE49 /* ContentView.swift in Sources */,
				5BF89D512BC7FFE80046BE49 /* AzerbaijaniTurkishWithArabicAlphabetKeyboardApp.swift in Sources */,
			);
			runOnlyForDeploymentPostprocessing = 0;
		};
		5BF89D592BC7FFEA0046BE49 /* Sources */ = {
			isa = PBXSourcesBuildPhase;
			buildActionMask = 2147483647;
			files = (
				5BF89D622BC7FFEA0046BE49 /* AzerbaijaniTurkishWithArabicAlphabetKeyboardTests.swift in Sources */,
			);
			runOnlyForDeploymentPostprocessing = 0;
		};
		5BF89D632BC7FFEA0046BE49 /* Sources */ = {
			isa = PBXSourcesBuildPhase;
			buildActionMask = 2147483647;
			files = (
				5BF89D6E2BC7FFEA0046BE49 /* AzerbaijaniTurkishWithArabicAlphabetKeyboardUITestsLaunchTests.swift in Sources */,
				5BF89D6C2BC7FFEA0046BE49 /* AzerbaijaniTurkishWithArabicAlphabetKeyboardUITests.swift in Sources */,
			);
			runOnlyForDeploymentPostprocessing = 0;
		};
		5BF89D7A2BC800900046BE49 /* Sources */ = {
			isa = PBXSourcesBuildPhase;
			buildActionMask = 2147483647;
			files = (
				5BF89D812BC800900046BE49 /* KeyboardViewController.swift in Sources */,
			);
			runOnlyForDeploymentPostprocessing = 0;
		};
/* End PBXSourcesBuildPhase section */

/* Begin PBXTargetDependency section */
		5BF89D5F2BC7FFEA0046BE49 /* PBXTargetDependency */ = {
			isa = PBXTargetDependency;
			target = 5BF89D4C2BC7FFE80046BE49 /* AzerbaijaniTurkishWithArabicAlphabetKeyboard */;
			targetProxy = 5BF89D5E2BC7FFEA0046BE49 /* PBXContainerItemProxy */;
		};
		5BF89D692BC7FFEA0046BE49 /* PBXTargetDependency */ = {
			isa = PBXTargetDependency;
			target = 5BF89D4C2BC7FFE80046BE49 /* AzerbaijaniTurkishWithArabicAlphabetKeyboard */;
			targetProxy = 5BF89D682BC7FFEA0046BE49 /* PBXContainerItemProxy */;
		};
		5BF89D842BC800900046BE49 /* PBXTargetDependency */ = {
			isa = PBXTargetDependency;
			target = 5BF89D7D2BC800900046BE49 /* Azerbaijani Turkish with arabic alphabet */;
			targetProxy = 5BF89D832BC800900046BE49 /* PBXContainerItemProxy */;
		};
/* End PBXTargetDependency section */

/* Begin XCBuildConfiguration section */
		5BF89D6F2BC7FFEA0046BE49 /* Debug */ = {
			isa = XCBuildConfiguration;
			buildSettings = {
				ALWAYS_SEARCH_USER_PATHS = NO;
				ASSETCATALOG_COMPILER_GENERATE_SWIFT_ASSET_SYMBOL_EXTENSIONS = YES;
				CLANG_ANALYZER_NONNULL = YES;
				CLANG_ANALYZER_NUMBER_OBJECT_CONVERSION = YES_AGGRESSIVE;
				CLANG_CXX_LANGUAGE_STANDARD = "gnu++20";
				CLANG_ENABLE_MODULES = YES;
				CLANG_ENABLE_OBJC_ARC = YES;
				CLANG_ENABLE_OBJC_WEAK = YES;
				CLANG_WARN_BLOCK_CAPTURE_AUTORELEASING = YES;
				CLANG_WARN_BOOL_CONVERSION = YES;
				CLANG_WARN_COMMA = YES;
				CLANG_WARN_CONSTANT_CONVERSION = YES;
				CLANG_WARN_DEPRECATED_OBJC_IMPLEMENTATIONS = YES;
				CLANG_WARN_DIRECT_OBJC_ISA_USAGE = YES_ERROR;
				CLANG_WARN_DOCUMENTATION_COMMENTS = YES;
				CLANG_WARN_EMPTY_BODY = YES;
				CLANG_WARN_ENUM_CONVERSION = YES;
				CLANG_WARN_INFINITE_RECURSION = YES;
				CLANG_WARN_INT_CONVERSION = YES;
				CLANG_WARN_NON_LITERAL_NULL_CONVERSION = YES;
				CLANG_WARN_OBJC_IMPLICIT_RETAIN_SELF = YES;
				CLANG_WARN_OBJC_LITERAL_CONVERSION = YES;
				CLANG_WARN_OBJC_ROOT_CLASS = YES_ERROR;
				CLANG_WARN_QUOTED_INCLUDE_IN_FRAMEWORK_HEADER = YES;
				CLANG_WARN_RANGE_LOOP_ANALYSIS = YES;
				CLANG_WARN_STRICT_PROTOTYPES = YES;
				CLANG_WARN_SUSPICIOUS_MOVE = YES;
				CLANG_WARN_UNGUARDED_AVAILABILITY = YES_AGGRESSIVE;
				CLANG_WARN_UNREACHABLE_CODE = YES;
				CLANG_WARN__DUPLICATE_METHOD_MATCH = YES;
				COPY_PHASE_STRIP = NO;
				DEBUG_INFORMATION_FORMAT = dwarf;
				ENABLE_STRICT_OBJC_MSGSEND = YES;
				ENABLE_TESTABILITY = YES;
				ENABLE_USER_SCRIPT_SANDBOXING = YES;
				GCC_C_LANGUAGE_STANDARD = gnu17;
				GCC_DYNAMIC_NO_PIC = NO;
				GCC_NO_COMMON_BLOCKS = YES;
				GCC_OPTIMIZATION_LEVEL = 0;
				GCC_PREPROCESSOR_DEFINITIONS = (
					"DEBUG=1",
					"$(inherited)",
				);
				GCC_WARN_64_TO_32_BIT_CONVERSION = YES;
				GCC_WARN_ABOUT_RETURN_TYPE = YES_ERROR;
				GCC_WARN_UNDECLARED_SELECTOR = YES;
				GCC_WARN_UNINITIALIZED_AUTOS = YES_AGGRESSIVE;
				GCC_WARN_UNUSED_FUNCTION = YES;
				GCC_WARN_UNUSED_VARIABLE = YES;
				IPHONEOS_DEPLOYMENT_TARGET = 17.4;
				LOCALIZATION_PREFERS_STRING_CATALOGS = YES;
				MTL_ENABLE_DEBUG_INFO = INCLUDE_SOURCE;
				MTL_FAST_MATH = YES;
				ONLY_ACTIVE_ARCH = YES;
				SDKROOT = iphoneos;
				SWIFT_ACTIVE_COMPILATION_CONDITIONS = "DEBUG $(inherited)";
				SWIFT_OPTIMIZATION_LEVEL = "-Onone";
			};
			name = Debug;
		};
		5BF89D702BC7FFEA0046BE49 /* Release */ = {
			isa = XCBuildConfiguration;
			buildSettings = {
				ALWAYS_SEARCH_USER_PATHS = NO;
				ASSETCATALOG_COMPILER_GENERATE_SWIFT_ASSET_SYMBOL_EXTENSIONS = YES;
				CLANG_ANALYZER_NONNULL = YES;
				CLANG_ANALYZER_NUMBER_OBJECT_CONVERSION = YES_AGGRESSIVE;
				CLANG_CXX_LANGUAGE_STANDARD = "gnu++20";
				CLANG_ENABLE_MODULES = YES;
				CLANG_ENABLE_OBJC_ARC = YES;
				CLANG_ENABLE_OBJC_WEAK = YES;
				CLANG_WARN_BLOCK_CAPTURE_AUTORELEASING = YES;
				CLANG_WARN_BOOL_CONVERSION = YES;
				CLANG_WARN_COMMA = YES;
				CLANG_WARN_CONSTANT_CONVERSION = YES;
				CLANG_WARN_DEPRECATED_OBJC_IMPLEMENTATIONS = YES;
				CLANG_WARN_DIRECT_OBJC_ISA_USAGE = YES_ERROR;
				CLANG_WARN_DOCUMENTATION_COMMENTS = YES;
				CLANG_WARN_EMPTY_BODY = YES;
				CLANG_WARN_ENUM_CONVERSION = YES;
				CLANG_WARN_INFINITE_RECURSION = YES;
				CLANG_WARN_INT_CONVERSION = YES;
				CLANG_WARN_NON_LITERAL_NULL_CONVERSION = YES;
				CLANG_WARN_OBJC_IMPLICIT_RETAIN_SELF = YES;
				CLANG_WARN_OBJC_LITERAL_CONVERSION = YES;
				CLANG_WARN_OBJC_ROOT_CLASS = YES_ERROR;
				CLANG_WARN_QUOTED_INCLUDE_IN_FRAMEWORK_HEADER = YES;
				CLANG_WARN_RANGE_LOOP_ANALYSIS = YES;
				CLANG_WARN_STRICT_PROTOTYPES = YES;
				CLANG_WARN_SUSPICIOUS_MOVE = YES;
				CLANG_WARN_UNGUARDED_AVAILABILITY = YES_AGGRESSIVE;
				CLANG_WARN_UNREACHABLE_CODE = YES;
				CLANG_WARN__DUPLICATE_METHOD_MATCH = YES;
				COPY_PHASE_STRIP = NO;
				DEBUG_INFORMATION_FORMAT = "dwarf-with-dsym";
				ENABLE_NS_ASSERTIONS = NO;
				ENABLE_STRICT_OBJC_MSGSEND = YES;
				ENABLE_USER_SCRIPT_SANDBOXING = YES;
				GCC_C_LANGUAGE_STANDARD = gnu17;
				GCC_NO_COMMON_BLOCKS = YES;
				GCC_WARN_64_TO_32_BIT_CONVERSION = YES;
				GCC_WARN_ABOUT_RETURN_TYPE = YES_ERROR;
				GCC_WARN_UNDECLARED_SELECTOR = YES;
				GCC_WARN_UNINITIALIZED_AUTOS = YES_AGGRESSIVE;
				GCC_WARN_UNUSED_FUNCTION = YES;
				GCC_WARN_UNUSED_VARIABLE = YES;
				IPHONEOS_DEPLOYMENT_TARGET = 17.4;
				LOCALIZATION_PREFERS_STRING_CATALOGS = YES;
				MTL_ENABLE_DEBUG_INFO = NO;
				MTL_FAST_MATH = YES;
				SDKROOT = iphoneos;
				SWIFT_COMPILATION_MODE = wholemodule;
				VALIDATE_PRODUCT = YES;
			};
			name = Release;
		};
		5BF89D722BC7FFEA0046BE49 /* Debug */ = {
			isa = XCBuildConfiguration;
			buildSettings = {
				ALWAYS_EMBED_SWIFT_STANDARD_LIBRARIES = YES;
				ASSETCATALOG_COMPILER_APPICON_NAME = AppIcon;
				ASSETCATALOG_COMPILER_GLOBAL_ACCENT_COLOR_NAME = AccentColor;
				CODE_SIGN_STYLE = Automatic;
				CURRENT_PROJECT_VERSION = 1;
				DEVELOPMENT_ASSET_PATHS = "\"AzerbaijaniTurkishWithArabicAlphabetKeyboard/Preview Content\"";
				DEVELOPMENT_TEAM = JT6A5T3K5A;
				ENABLE_PREVIEWS = YES;
				GENERATE_INFOPLIST_FILE = YES;
				INFOPLIST_KEY_CFBundleDisplayName = "تورکجه";
				INFOPLIST_KEY_UIApplicationSceneManifest_Generation = YES;
				INFOPLIST_KEY_UIApplicationSupportsIndirectInputEvents = YES;
				INFOPLIST_KEY_UILaunchScreen_Generation = YES;
				INFOPLIST_KEY_UISupportedInterfaceOrientations_iPad = "UIInterfaceOrientationPortrait UIInterfaceOrientationPortraitUpsideDown UIInterfaceOrientationLandscapeLeft UIInterfaceOrientationLandscapeRight";
				INFOPLIST_KEY_UISupportedInterfaceOrientations_iPhone = "UIInterfaceOrientationPortrait UIInterfaceOrientationLandscapeLeft UIInterfaceOrientationLandscapeRight";
				LD_RUNPATH_SEARCH_PATHS = (
					"$(inherited)",
					"@executable_path/Frameworks",
				);
				MARKETING_VERSION = 1.0;
				PRODUCT_BUNDLE_IDENTIFIER = soheilqk.AzerbaijaniTurkishWithArabicAlphabetKeyboard;
				PRODUCT_NAME = "$(TARGET_NAME)";
				SWIFT_EMIT_LOC_STRINGS = YES;
				SWIFT_VERSION = 5.0;
				TARGETED_DEVICE_FAMILY = "1,2";
			};
			name = Debug;
		};
		5BF89D732BC7FFEA0046BE49 /* Release */ = {
			isa = XCBuildConfiguration;
			buildSettings = {
				ALWAYS_EMBED_SWIFT_STANDARD_LIBRARIES = YES;
				ASSETCATALOG_COMPILER_APPICON_NAME = AppIcon;
				ASSETCATALOG_COMPILER_GLOBAL_ACCENT_COLOR_NAME = AccentColor;
				CODE_SIGN_STYLE = Automatic;
				CURRENT_PROJECT_VERSION = 1;
				DEVELOPMENT_ASSET_PATHS = "\"AzerbaijaniTurkishWithArabicAlphabetKeyboard/Preview Content\"";
				DEVELOPMENT_TEAM = JT6A5T3K5A;
				ENABLE_PREVIEWS = YES;
				GENERATE_INFOPLIST_FILE = YES;
				INFOPLIST_KEY_CFBundleDisplayName = "تورکجه";
				INFOPLIST_KEY_UIApplicationSceneManifest_Generation = YES;
				INFOPLIST_KEY_UIApplicationSupportsIndirectInputEvents = YES;
				INFOPLIST_KEY_UILaunchScreen_Generation = YES;
				INFOPLIST_KEY_UISupportedInterfaceOrientations_iPad = "UIInterfaceOrientationPortrait UIInterfaceOrientationPortraitUpsideDown UIInterfaceOrientationLandscapeLeft UIInterfaceOrientationLandscapeRight";
				INFOPLIST_KEY_UISupportedInterfaceOrientations_iPhone = "UIInterfaceOrientationPortrait UIInterfaceOrientationLandscapeLeft UIInterfaceOrientationLandscapeRight";
				LD_RUNPATH_SEARCH_PATHS = (
					"$(inherited)",
					"@executable_path/Frameworks",
				);
				MARKETING_VERSION = 1.0;
				PRODUCT_BUNDLE_IDENTIFIER = soheilqk.AzerbaijaniTurkishWithArabicAlphabetKeyboard;
				PRODUCT_NAME = "$(TARGET_NAME)";
				SWIFT_EMIT_LOC_STRINGS = YES;
				SWIFT_VERSION = 5.0;
				TARGETED_DEVICE_FAMILY = "1,2";
			};
			name = Release;
		};
		5BF89D752BC7FFEA0046BE49 /* Debug */ = {
			isa = XCBuildConfiguration;
			buildSettings = {
				ALWAYS_EMBED_SWIFT_STANDARD_LIBRARIES = YES;
				BUNDLE_LOADER = "$(TEST_HOST)";
				CODE_SIGN_STYLE = Automatic;
				CURRENT_PROJECT_VERSION = 1;
				DEVELOPMENT_TEAM = JT6A5T3K5A;
				GENERATE_INFOPLIST_FILE = YES;
				IPHONEOS_DEPLOYMENT_TARGET = 17.4;
				MARKETING_VERSION = 1.0;
				PRODUCT_BUNDLE_IDENTIFIER = soheilqk.AzerbaijaniTurkishWithArabicAlphabetKeyboardTests;
				PRODUCT_NAME = "$(TARGET_NAME)";
				SWIFT_EMIT_LOC_STRINGS = NO;
				SWIFT_VERSION = 5.0;
				TARGETED_DEVICE_FAMILY = "1,2";
				TEST_HOST = "$(BUILT_PRODUCTS_DIR)/AzerbaijaniTurkishWithArabicAlphabetKeyboard.app/$(BUNDLE_EXECUTABLE_FOLDER_PATH)/AzerbaijaniTurkishWithArabicAlphabetKeyboard";
			};
			name = Debug;
		};
		5BF89D762BC7FFEA0046BE49 /* Release */ = {
			isa = XCBuildConfiguration;
			buildSettings = {
				ALWAYS_EMBED_SWIFT_STANDARD_LIBRARIES = YES;
				BUNDLE_LOADER = "$(TEST_HOST)";
				CODE_SIGN_STYLE = Automatic;
				CURRENT_PROJECT_VERSION = 1;
				DEVELOPMENT_TEAM = JT6A5T3K5A;
				GENERATE_INFOPLIST_FILE = YES;
				IPHONEOS_DEPLOYMENT_TARGET = 17.4;
				MARKETING_VERSION = 1.0;
				PRODUCT_BUNDLE_IDENTIFIER = soheilqk.AzerbaijaniTurkishWithArabicAlphabetKeyboardTests;
				PRODUCT_NAME = "$(TARGET_NAME)";
				SWIFT_EMIT_LOC_STRINGS = NO;
				SWIFT_VERSION = 5.0;
				TARGETED_DEVICE_FAMILY = "1,2";
				TEST_HOST = "$(BUILT_PRODUCTS_DIR)/AzerbaijaniTurkishWithArabicAlphabetKeyboard.app/$(BUNDLE_EXECUTABLE_FOLDER_PATH)/AzerbaijaniTurkishWithArabicAlphabetKeyboard";
			};
			name = Release;
		};
		5BF89D782BC7FFEA0046BE49 /* Debug */ = {
			isa = XCBuildConfiguration;
			buildSettings = {
				ALWAYS_EMBED_SWIFT_STANDARD_LIBRARIES = YES;
				CODE_SIGN_STYLE = Automatic;
				CURRENT_PROJECT_VERSION = 1;
				DEVELOPMENT_TEAM = JT6A5T3K5A;
				GENERATE_INFOPLIST_FILE = YES;
				MARKETING_VERSION = 1.0;
				PRODUCT_BUNDLE_IDENTIFIER = soheilqk.AzerbaijaniTurkishWithArabicAlphabetKeyboardUITests;
				PRODUCT_NAME = "$(TARGET_NAME)";
				SWIFT_EMIT_LOC_STRINGS = NO;
				SWIFT_VERSION = 5.0;
				TARGETED_DEVICE_FAMILY = "1,2";
				TEST_TARGET_NAME = AzerbaijaniTurkishWithArabicAlphabetKeyboard;
			};
			name = Debug;
		};
		5BF89D792BC7FFEA0046BE49 /* Release */ = {
			isa = XCBuildConfiguration;
			buildSettings = {
				ALWAYS_EMBED_SWIFT_STANDARD_LIBRARIES = YES;
				CODE_SIGN_STYLE = Automatic;
				CURRENT_PROJECT_VERSION = 1;
				DEVELOPMENT_TEAM = JT6A5T3K5A;
				GENERATE_INFOPLIST_FILE = YES;
				MARKETING_VERSION = 1.0;
				PRODUCT_BUNDLE_IDENTIFIER = soheilqk.AzerbaijaniTurkishWithArabicAlphabetKeyboardUITests;
				PRODUCT_NAME = "$(TARGET_NAME)";
				SWIFT_EMIT_LOC_STRINGS = NO;
				SWIFT_VERSION = 5.0;
				TARGETED_DEVICE_FAMILY = "1,2";
				TEST_TARGET_NAME = AzerbaijaniTurkishWithArabicAlphabetKeyboard;
			};
			name = Release;
		};
		5BF89D872BC800900046BE49 /* Debug */ = {
			isa = XCBuildConfiguration;
			buildSettings = {
				CODE_SIGN_STYLE = Automatic;
				CURRENT_PROJECT_VERSION = 1;
				DEVELOPMENT_TEAM = JT6A5T3K5A;
				GENERATE_INFOPLIST_FILE = YES;
				INFOPLIST_FILE = "Azerbaijani Turkish with arabic alphabet/Info.plist";
				INFOPLIST_KEY_CFBundleDisplayName = "Azerbaijani Turkish with arabic alphabet";
				INFOPLIST_KEY_NSHumanReadableCopyright = "";
				LD_RUNPATH_SEARCH_PATHS = (
					"$(inherited)",
					"@executable_path/Frameworks",
					"@executable_path/../../Frameworks",
				);
				MARKETING_VERSION = 1.0;
				PRODUCT_BUNDLE_IDENTIFIER = "soheilqk.AzerbaijaniTurkishWithArabicAlphabetKeyboard.Azerbaijani-Turkish-with-arabic-alphabet";
				PRODUCT_NAME = "$(TARGET_NAME)";
				SKIP_INSTALL = YES;
				SWIFT_EMIT_LOC_STRINGS = YES;
				SWIFT_VERSION = 5.0;
				TARGETED_DEVICE_FAMILY = "1,2";
			};
			name = Debug;
		};
		5BF89D882BC800900046BE49 /* Release */ = {
			isa = XCBuildConfiguration;
			buildSettings = {
				CODE_SIGN_STYLE = Automatic;
				CURRENT_PROJECT_VERSION = 1;
				DEVELOPMENT_TEAM = JT6A5T3K5A;
				GENERATE_INFOPLIST_FILE = YES;
				INFOPLIST_FILE = "Azerbaijani Turkish with arabic alphabet/Info.plist";
				INFOPLIST_KEY_CFBundleDisplayName = "Azerbaijani Turkish with arabic alphabet";
				INFOPLIST_KEY_NSHumanReadableCopyright = "";
				LD_RUNPATH_SEARCH_PATHS = (
					"$(inherited)",
					"@executable_path/Frameworks",
					"@executable_path/../../Frameworks",
				);
				MARKETING_VERSION = 1.0;
				PRODUCT_BUNDLE_IDENTIFIER = "soheilqk.AzerbaijaniTurkishWithArabicAlphabetKeyboard.Azerbaijani-Turkish-with-arabic-alphabet";
				PRODUCT_NAME = "$(TARGET_NAME)";
				SKIP_INSTALL = YES;
				SWIFT_EMIT_LOC_STRINGS = YES;
				SWIFT_VERSION = 5.0;
				TARGETED_DEVICE_FAMILY = "1,2";
			};
			name = Release;
		};
/* End XCBuildConfiguration section */

/* Begin XCConfigurationList section */
		5BF89D482BC7FFE80046BE49 /* Build configuration list for PBXProject "AzerbaijaniTurkishWithArabicAlphabetKeyboard" */ = {
			isa = XCConfigurationList;
			buildConfigurations = (
				5BF89D6F2BC7FFEA0046BE49 /* Debug */,
				5BF89D702BC7FFEA0046BE49 /* Release */,
			);
			defaultConfigurationIsVisible = 0;
			defaultConfigurationName = Release;
		};
		5BF89D712BC7FFEA0046BE49 /* Build configuration list for PBXNativeTarget "AzerbaijaniTurkishWithArabicAlphabetKeyboard" */ = {
			isa = XCConfigurationList;
			buildConfigurations = (
				5BF89D722BC7FFEA0046BE49 /* Debug */,
				5BF89D732BC7FFEA0046BE49 /* Release */,
			);
			defaultConfigurationIsVisible = 0;
			defaultConfigurationName = Release;
		};
		5BF89D742BC7FFEA0046BE49 /* Build configuration list for PBXNativeTarget "AzerbaijaniTurkishWithArabicAlphabetKeyboardTests" */ = {
			isa = XCConfigurationList;
			buildConfigurations = (
				5BF89D752BC7FFEA0046BE49 /* Debug */,
				5BF89D762BC7FFEA0046BE49 /* Release */,
			);
			defaultConfigurationIsVisible = 0;
			defaultConfigurationName = Release;
		};
		5BF89D772BC7FFEA0046BE49 /* Build configuration list for PBXNativeTarget "AzerbaijaniTurkishWithArabicAlphabetKeyboardUITests" */ = {
			isa = XCConfigurationList;
			buildConfigurations = (
				5BF89D782BC7FFEA0046BE49 /* Debug */,
				5BF89D792BC7FFEA0046BE49 /* Release */,
			);
			defaultConfigurationIsVisible = 0;
			defaultConfigurationName = Release;
		};
		5BF89D862BC800900046BE49 /* Build configuration list for PBXNativeTarget "Azerbaijani Turkish with arabic alphabet" */ = {
			isa = XCConfigurationList;
			buildConfigurations = (
				5BF89D872BC800900046BE49 /* Debug */,
				5BF89D882BC800900046BE49 /* Release */,
			);
			defaultConfigurationIsVisible = 0;
			defaultConfigurationName = Release;
		};
/* End XCConfigurationList section */
	};
	rootObject = 5BF89D452BC7FFE80046BE49 /* Project object */;
}
